
Microsoft Visual Studio Solution File, Format Version 12.00
# Visual Studio 15
VisualStudioVersion = 15.0.28307.852
MinimumVisualStudioVersion = 10.0.40219.1
Project("{FAE04EC0-301F-11D3-BF4B-00C04F79EFBC}") = "5th_TEST", "5th_TEST\5th_TEST.csproj", "{4886D711-1B3F-4FAF-B0C0-4F55EE9A41CE}"
EndProject
Global
	GlobalSection(SolutionConfigurationPlatforms) = preSolution
		Debug|Any CPU = Debug|Any CPU
		Release|Any CPU = Release|Any CPU
	EndGlobalSection
	GlobalSection(ProjectConfigurationPlatforms) = postSolution
		{4886D711-1B3F-4FAF-B0C0-4F55EE9A41CE}.Debug|Any CPU.ActiveCfg = Debug|Any CPU
		{4886D711-1B3F-4FAF-B0C0-4F55EE9A41CE}.Debug|Any CPU.Build.0 = Debug|Any CPU
		{4886D711-1B3F-4FAF-B0C0-4F55EE9A41CE}.Release|Any CPU.ActiveCfg = Release|Any CPU
		{4886D711-1B3F-4FAF-B0C0-4F55EE9A41CE}.Release|Any CPU.Build.0 = Release|Any CPU
	EndGlobalSection
	GlobalSection(SolutionProperties) = preSolution
		HideSolutionNode = FALSE
	EndGlobalSection
	GlobalSection(ExtensibilityGlobals) = postSolution
		SolutionGuid = {94F56A52-1422-4363-AC85-D24FBA630D0F}
	EndGlobalSection
EndGlobal
